
Microsoft Visual Studio Solution File, Format Version 12.00
# Visual Studio 15
VisualStudioVersion = 15.0.28307.852
MinimumVisualStudioVersion = 10.0.40219.1
Project("{FAE04EC0-301F-11D3-BF4B-00C04F79EFBC}") = "RomanNumeralGenerator", "RomanNumeralGenerator\RomanNumeralGenerator.csproj", "{5C60FF45-F4CE-4E18-95B4-5EE3DD3168CA}"
EndProject
Project("{FAE04EC0-301F-11D3-BF4B-00C04F79EFBC}") = "NUnitTestProject1", "NUnitTestProject1\NUnitTestProject1.csproj", "{CA38EA79-73C3-471C-9E54-2DFED3908C89}"
EndProject
Global
	GlobalSection(SolutionConfigurationPlatforms) = preSolution
		Debug|Any CPU = Debug|Any CPU
		Release|Any CPU = Release|Any CPU
	EndGlobalSection
	GlobalSection(ProjectConfigurationPlatforms) = postSolution
		{5C60FF45-F4CE-4E18-95B4-5EE3DD3168CA}.Debug|Any CPU.ActiveCfg = Debug|Any CPU
		{5C60FF45-F4CE-4E18-95B4-5EE3DD3168CA}.Debug|Any CPU.Build.0 = Debug|Any CPU
		{5C60FF45-F4CE-4E18-95B4-5EE3DD3168CA}.Release|Any CPU.ActiveCfg = Release|Any CPU
		{5C60FF45-F4CE-4E18-95B4-5EE3DD3168CA}.Release|Any CPU.Build.0 = Release|Any CPU
		{CA38EA79-73C3-471C-9E54-2DFED3908C89}.Debug|Any CPU.ActiveCfg = Debug|Any CPU
		{CA38EA79-73C3-471C-9E54-2DFED3908C89}.Debug|Any CPU.Build.0 = Debug|Any CPU
		{CA38EA79-73C3-471C-9E54-2DFED3908C89}.Release|Any CPU.ActiveCfg = Release|Any CPU
		{CA38EA79-73C3-471C-9E54-2DFED3908C89}.Release|Any CPU.Build.0 = Release|Any CPU
	EndGlobalSection
	GlobalSection(SolutionProperties) = preSolution
		HideSolutionNode = FALSE
	EndGlobalSection
	GlobalSection(ExtensibilityGlobals) = postSolution
		SolutionGuid = {6BFB278A-4578-4942-9B4A-36328254E2BB}
	EndGlobalSection
EndGlobal
